
Microsoft Visual Studio Solution File, Format Version 12.00
# Visual Studio Version 17
VisualStudioVersion = 17.3.32901.215
MinimumVisualStudioVersion = 10.0.40219.1
Project("{FAE04EC0-301F-11D3-BF4B-00C04F79EFBC}") = "DZ_04.02.23_notepad", "DZ_04.02.23_notepad\DZ_04.02.23_notepad.csproj", "{70347081-A02A-429A-924C-B63796AB34F8}"
EndProject
Global
	GlobalSection(SolutionConfigurationPlatforms) = preSolution
		Debug|Any CPU = Debug|Any CPU
		Release|Any CPU = Release|Any CPU
	EndGlobalSection
	GlobalSection(ProjectConfigurationPlatforms) = postSolution
		{70347081-A02A-429A-924C-B63796AB34F8}.Debug|Any CPU.ActiveCfg = Debug|Any CPU
		{70347081-A02A-429A-924C-B63796AB34F8}.Debug|Any CPU.Build.0 = Debug|Any CPU
		{70347081-A02A-429A-924C-B63796AB34F8}.Release|Any CPU.ActiveCfg = Release|Any CPU
		{70347081-A02A-429A-924C-B63796AB34F8}.Release|Any CPU.Build.0 = Release|Any CPU
	EndGlobalSection
	GlobalSection(SolutionProperties) = preSolution
		HideSolutionNode = FALSE
	EndGlobalSection
	GlobalSection(ExtensibilityGlobals) = postSolution
		SolutionGuid = {4B433F8F-799B-4CE9-91E9-2B351DEC33E8}
	EndGlobalSection
EndGlobal
